{
  "nodes": {
    "flake-compat": {
      "flake": false,
      "locked": {
        "lastModified": 1650374568,
        "narHash": "sha256-Z+s0J8/r907g149rllvwhb4pKi8Wam5ij0st8PwAh+E=",
        "owner": "edolstra",
        "repo": "flake-compat",
        "rev": "b4a34015c698c7793d592d66adbab377907a2be8",
        "type": "github"
      },
      "original": {
        "owner": "edolstra",
        "repo": "flake-compat",
        "type": "github"
      }
    },
    "naersk": {
      "inputs": {
        "nixpkgs": "nixpkgs"
      },
      "locked": {
        "lastModified": 1651574473,
        "narHash": "sha256-wQhFORvRjo8LB2hTmETmv6cbyKGDPbfWqvZ/0chnDE4=",
        "owner": "nix-community",
        "repo": "naersk",
        "rev": "f21309b38e1da0d61b881b6b6d41b81c1aed4e1d",
        "type": "github"
      },
      "original": {
        "owner": "nix-community",
        "repo": "naersk",
        "type": "github"
      }
    },
    "nixpkgs": {
      "locked": {
        "lastModified": 1648219316,
        "narHash": "sha256-Ctij+dOi0ZZIfX5eMhgwugfvB+WZSrvVNAyAuANOsnQ=",
        "path": "/nix/store/m2vv0bxfchzrjngx8wi0i7dhzb9q2g50-source",
        "rev": "30d3d79b7d3607d56546dd2a6b49e156ba0ec634",
        "type": "path"
      },
      "original": {
        "id": "nixpkgs",
        "type": "indirect"
      }
    },
    "nixpkgs_2": {
      "locked": {
        "lastModified": 1648219316,
        "narHash": "sha256-Ctij+dOi0ZZIfX5eMhgwugfvB+WZSrvVNAyAuANOsnQ=",
        "path": "/nix/store/m2vv0bxfchzrjngx8wi0i7dhzb9q2g50-source",
        "rev": "30d3d79b7d3607d56546dd2a6b49e156ba0ec634",
        "type": "path"
      },
      "original": {
        "id": "nixpkgs",
        "type": "indirect"
      }
    },
    "root": {
      "inputs": {
        "flake-compat": "flake-compat",
        "naersk": "naersk",
        "nixpkgs": "nixpkgs_2",
        "utils": "utils"
      }
    },
    "utils": {
      "locked": {
        "lastModified": 1652557277,
        "narHash": "sha256-jSes9DaIVMdmwBB78KkFUVrlDzawmD62vrUg0GS2500=",
        "owner": "numtide",
        "repo": "flake-utils",
        "rev": "12806d31a381e7cd169a6bac35590e7b36dc5fe5",
        "type": "github"
      },
      "original": {
        "owner": "numtide",
        "repo": "flake-utils",
        "type": "github"
      }
    }
  },
  "root": "root",
  "version": 7
}
